
Microsoft Visual Studio Solution File, Format Version 12.00
# Visual Studio 2012
Project("{FAE04EC0-301F-11D3-BF4B-00C04F79EFBC}") = "Telepathy", "Telepathy\Telepathy.csproj", "{1D55A635-BC4E-4DDE-8D9A-044956F75A24}"
EndProject
Project("{FAE04EC0-301F-11D3-BF4B-00C04F79EFBC}") = "Telepathy.Tests", "Telepathy.Tests\Telepathy.Tests.csproj", "{6C338324-3555-4F6B-B72B-E8523319B05F}"
EndProject
Project("{FAE04EC0-301F-11D3-BF4B-00C04F79EFBC}") = "LoadTest", "LoadTest\LoadTest.csproj", "{728EAD77-A9B7-412A-B4C9-E31066A6D4C1}"
EndProject
Global
	GlobalSection(SolutionConfigurationPlatforms) = preSolution
		Debug|Any CPU = Debug|Any CPU
		Release|Any CPU = Release|Any CPU
	EndGlobalSection
	GlobalSection(ProjectConfigurationPlatforms) = postSolution
		{1D55A635-BC4E-4DDE-8D9A-044956F75A24}.Debug|Any CPU.ActiveCfg = Debug|Any CPU
		{1D55A635-BC4E-4DDE-8D9A-044956F75A24}.Debug|Any CPU.Build.0 = Debug|Any CPU
		{1D55A635-BC4E-4DDE-8D9A-044956F75A24}.Release|Any CPU.ActiveCfg = Release|Any CPU
		{1D55A635-BC4E-4DDE-8D9A-044956F75A24}.Release|Any CPU.Build.0 = Release|Any CPU
		{6C338324-3555-4F6B-B72B-E8523319B05F}.Debug|Any CPU.ActiveCfg = Debug|Any CPU
		{6C338324-3555-4F6B-B72B-E8523319B05F}.Debug|Any CPU.Build.0 = Debug|Any CPU
		{6C338324-3555-4F6B-B72B-E8523319B05F}.Release|Any CPU.ActiveCfg = Release|Any CPU
		{6C338324-3555-4F6B-B72B-E8523319B05F}.Release|Any CPU.Build.0 = Release|Any CPU
		{728EAD77-A9B7-412A-B4C9-E31066A6D4C1}.Debug|Any CPU.ActiveCfg = Debug|Any CPU
		{728EAD77-A9B7-412A-B4C9-E31066A6D4C1}.Debug|Any CPU.Build.0 = Debug|Any CPU
		{728EAD77-A9B7-412A-B4C9-E31066A6D4C1}.Release|Any CPU.ActiveCfg = Release|Any CPU
		{728EAD77-A9B7-412A-B4C9-E31066A6D4C1}.Release|Any CPU.Build.0 = Release|Any CPU
	EndGlobalSection
EndGlobal
