
Microsoft Visual Studio Solution File, Format Version 12.00
# Visual Studio 2012
Project("{FAE04EC0-301F-11D3-BF4B-00C04F79EFBC}") = "Telepathy", "Telepathy\Telepathy.csproj", "{1D55A635-BC4E-4DDE-8D9A-044956F75A24}"
EndProject
Global
	GlobalSection(SolutionConfigurationPlatforms) = preSolution
		Debug|Any CPU = Debug|Any CPU
		Release|Any CPU = Release|Any CPU
	EndGlobalSection
	GlobalSection(ProjectConfigurationPlatforms) = postSolution
		{1D55A635-BC4E-4DDE-8D9A-044956F75A24}.Debug|Any CPU.ActiveCfg = Debug|Any CPU
		{1D55A635-BC4E-4DDE-8D9A-044956F75A24}.Debug|Any CPU.Build.0 = Debug|Any CPU
		{1D55A635-BC4E-4DDE-8D9A-044956F75A24}.Release|Any CPU.ActiveCfg = Release|Any CPU
		{1D55A635-BC4E-4DDE-8D9A-044956F75A24}.Release|Any CPU.Build.0 = Release|Any CPU
	EndGlobalSection
EndGlobal
